
Microsoft Visual Studio Solution File, Format Version 12.00
# Visual Studio Version 17
VisualStudioVersion = 17.14.37203.1 d17.14
MinimumVisualStudioVersion = 10.0.40219.1
Project("{FAE04EC0-301F-11D3-BF4B-00C04F79EFBC}") = "EF01G01", "EF01G01.csproj", "{7EBA4D9E-B446-83F1-5EED-0FBA80FAD976}"
EndProject
Global
	GlobalSection(SolutionConfigurationPlatforms) = preSolution
		Debug|Any CPU = Debug|Any CPU
		Release|Any CPU = Release|Any CPU
	EndGlobalSection
	GlobalSection(ProjectConfigurationPlatforms) = postSolution
		{7EBA4D9E-B446-83F1-5EED-0FBA80FAD976}.Debug|Any CPU.ActiveCfg = Debug|Any CPU
		{7EBA4D9E-B446-83F1-5EED-0FBA80FAD976}.Debug|Any CPU.Build.0 = Debug|Any CPU
		{7EBA4D9E-B446-83F1-5EED-0FBA80FAD976}.Release|Any CPU.ActiveCfg = Release|Any CPU
		{7EBA4D9E-B446-83F1-5EED-0FBA80FAD976}.Release|Any CPU.Build.0 = Release|Any CPU
	EndGlobalSection
	GlobalSection(SolutionProperties) = preSolution
		HideSolutionNode = FALSE
	EndGlobalSection
	GlobalSection(ExtensibilityGlobals) = postSolution
		SolutionGuid = {116CE645-D343-4660-899B-B05DDF358518}
	EndGlobalSection
EndGlobal
